// !$*UTF8*$!
{
	archiveVersion = 1;
	classes = {
	};
	objectVersion = 46;
	objects = {

/* Begin PBXBuildFile section */
		CA1747371DEBA8D40041FC82 /* Card.cpp in Sources */ = {isa = PBXBuildFile; fileRef = CA1747271DEBA8D40041FC82 /* Card.cpp */; };
		CA1747381DEBA8D40041FC82 /* Deck.cpp in Sources */ = {isa = PBXBuildFile; fileRef = CA17472A1DEBA8D40041FC82 /* Deck.cpp */; };
		CA1747391DEBA8D40041FC82 /* Farm.cpp in Sources */ = {isa = PBXBuildFile; fileRef = CA17472C1DEBA8D40041FC82 /* Farm.cpp */; };
		CA17473A1DEBA8D40041FC82 /* main.cpp in Sources */ = {isa = PBXBuildFile; fileRef = CA17472E1DEBA8D40041FC82 /* main.cpp */; };
		CA17473B1DEBA8D40041FC82 /* Market.cpp in Sources */ = {isa = PBXBuildFile; fileRef = CA17472F1DEBA8D40041FC82 /* Market.cpp */; };
		CA17473C1DEBA8D40041FC82 /* Player.cpp in Sources */ = {isa = PBXBuildFile; fileRef = CA1747311DEBA8D40041FC82 /* Player.cpp */; };
		CA17473D1DEBA8D40041FC82 /* Game.cpp in Sources */ = {isa = PBXBuildFile; fileRef = CA1747331DEBA8D40041FC82 /* Game.cpp */; };
		CA17473E1DEBA8D40041FC82 /* README.md in Sources */ = {isa = PBXBuildFile; fileRef = CA1747361DEBA8D40041FC82 /* README.md */; };
/* End PBXBuildFile section */

/* Begin PBXCopyFilesBuildPhase section */
		CA17471B1DEBA8740041FC82 /* CopyFiles */ = {
			isa = PBXCopyFilesBuildPhase;
			buildActionMask = 2147483647;
			dstPath = /usr/share/man/man1/;
			dstSubfolderSpec = 0;
			files = (
			);
			runOnlyForDeploymentPostprocessing = 1;
		};
/* End PBXCopyFilesBuildPhase section */

/* Begin PBXFileReference section */
		CA17471D1DEBA8740041FC82 /* harvest-card */ = {isa = PBXFileReference; explicitFileType = "compiled.mach-o.executable"; includeInIndex = 0; path = "harvest-card"; sourceTree = BUILT_PRODUCTS_DIR; };
		CA1747271DEBA8D40041FC82 /* Card.cpp */ = {isa = PBXFileReference; fileEncoding = 4; lastKnownFileType = sourcecode.cpp.cpp; path = Card.cpp; sourceTree = "<group>"; };
		CA1747281DEBA8D40041FC82 /* Card.hpp */ = {isa = PBXFileReference; fileEncoding = 4; lastKnownFileType = sourcecode.cpp.h; path = Card.hpp; sourceTree = "<group>"; };
		CA1747291DEBA8D40041FC82 /* cards.txt */ = {isa = PBXFileReference; fileEncoding = 4; lastKnownFileType = text; path = cards.txt; sourceTree = "<group>"; };
		CA17472A1DEBA8D40041FC82 /* Deck.cpp */ = {isa = PBXFileReference; fileEncoding = 4; lastKnownFileType = sourcecode.cpp.cpp; path = Deck.cpp; sourceTree = "<group>"; };
		CA17472B1DEBA8D40041FC82 /* Deck.hpp */ = {isa = PBXFileReference; fileEncoding = 4; lastKnownFileType = sourcecode.cpp.h; path = Deck.hpp; sourceTree = "<group>"; };
		CA17472C1DEBA8D40041FC82 /* Farm.cpp */ = {isa = PBXFileReference; fileEncoding = 4; lastKnownFileType = sourcecode.cpp.cpp; path = Farm.cpp; sourceTree = "<group>"; };
		CA17472D1DEBA8D40041FC82 /* Farm.hpp */ = {isa = PBXFileReference; fileEncoding = 4; lastKnownFileType = sourcecode.cpp.h; path = Farm.hpp; sourceTree = "<group>"; };
		CA17472E1DEBA8D40041FC82 /* main.cpp */ = {isa = PBXFileReference; fileEncoding = 4; lastKnownFileType = sourcecode.cpp.cpp; path = main.cpp; sourceTree = "<group>"; };
		CA17472F1DEBA8D40041FC82 /* Market.cpp */ = {isa = PBXFileReference; fileEncoding = 4; lastKnownFileType = sourcecode.cpp.cpp; path = Market.cpp; sourceTree = "<group>"; };
		CA1747301DEBA8D40041FC82 /* Market.hpp */ = {isa = PBXFileReference; fileEncoding = 4; lastKnownFileType = sourcecode.cpp.h; path = Market.hpp; sourceTree = "<group>"; };
		CA1747311DEBA8D40041FC82 /* Player.cpp */ = {isa = PBXFileReference; fileEncoding = 4; lastKnownFileType = sourcecode.cpp.cpp; path = Player.cpp; sourceTree = "<group>"; };
		CA1747321DEBA8D40041FC82 /* Player.hpp */ = {isa = PBXFileReference; fileEncoding = 4; lastKnownFileType = sourcecode.cpp.h; path = Player.hpp; sourceTree = "<group>"; };
		CA1747331DEBA8D40041FC82 /* Game.cpp */ = {isa = PBXFileReference; fileEncoding = 4; lastKnownFileType = sourcecode.cpp.cpp; path = Game.cpp; sourceTree = "<group>"; };
		CA1747341DEBA8D40041FC82 /* Game.hpp */ = {isa = PBXFileReference; fileEncoding = 4; lastKnownFileType = sourcecode.cpp.h; path = Game.hpp; sourceTree = "<group>"; };
		CA1747351DEBA8D40041FC82 /* LICENSE */ = {isa = PBXFileReference; fileEncoding = 4; lastKnownFileType = text; path = LICENSE; sourceTree = "<group>"; };
		CA1747361DEBA8D40041FC82 /* README.md */ = {isa = PBXFileReference; fileEncoding = 4; lastKnownFileType = net.daringfireball.markdown; path = README.md; sourceTree = "<group>"; };
/* End PBXFileReference section */

/* Begin PBXFrameworksBuildPhase section */
		CA17471A1DEBA8740041FC82 /* Frameworks */ = {
			isa = PBXFrameworksBuildPhase;
			buildActionMask = 2147483647;
			files = (
			);
			runOnlyForDeploymentPostprocessing = 0;
		};
/* End PBXFrameworksBuildPhase section */

/* Begin PBXGroup section */
		CA1747141DEBA8740041FC82 = {
			isa = PBXGroup;
			children = (
				CA1747271DEBA8D40041FC82 /* Card.cpp */,
				CA1747281DEBA8D40041FC82 /* Card.hpp */,
				CA1747291DEBA8D40041FC82 /* cards.txt */,
				CA17472A1DEBA8D40041FC82 /* Deck.cpp */,
				CA17472B1DEBA8D40041FC82 /* Deck.hpp */,
				CA17472C1DEBA8D40041FC82 /* Farm.cpp */,
				CA17472D1DEBA8D40041FC82 /* Farm.hpp */,
				CA17472E1DEBA8D40041FC82 /* main.cpp */,
				CA17472F1DEBA8D40041FC82 /* Market.cpp */,
				CA1747301DEBA8D40041FC82 /* Market.hpp */,
				CA1747311DEBA8D40041FC82 /* Player.cpp */,
				CA1747321DEBA8D40041FC82 /* Player.hpp */,
				CA1747331DEBA8D40041FC82 /* Game.cpp */,
				CA1747341DEBA8D40041FC82 /* Game.hpp */,
				CA1747351DEBA8D40041FC82 /* LICENSE */,
				CA1747361DEBA8D40041FC82 /* README.md */,
				CA17471F1DEBA8740041FC82 /* harvest-card */,
				CA17471E1DEBA8740041FC82 /* Products */,
			);
			sourceTree = "<group>";
		};
		CA17471E1DEBA8740041FC82 /* Products */ = {
			isa = PBXGroup;
			children = (
				CA17471D1DEBA8740041FC82 /* harvest-card */,
			);
			name = Products;
			sourceTree = "<group>";
		};
		CA17471F1DEBA8740041FC82 /* harvest-card */ = {
			isa = PBXGroup;
			children = (
			);
			path = "harvest-card";
			sourceTree = "<group>";
		};
/* End PBXGroup section */

/* Begin PBXNativeTarget section */
		CA17471C1DEBA8740041FC82 /* harvest-card */ = {
			isa = PBXNativeTarget;
			buildConfigurationList = CA1747241DEBA8740041FC82 /* Build configuration list for PBXNativeTarget "harvest-card" */;
			buildPhases = (
				CA1747191DEBA8740041FC82 /* Sources */,
				CA17471A1DEBA8740041FC82 /* Frameworks */,
				CA17471B1DEBA8740041FC82 /* CopyFiles */,
			);
			buildRules = (
			);
			dependencies = (
			);
			name = "harvest-card";
			productName = "harvest-card";
			productReference = CA17471D1DEBA8740041FC82 /* harvest-card */;
			productType = "com.apple.product-type.tool";
		};
/* End PBXNativeTarget section */

/* Begin PBXProject section */
		CA1747151DEBA8740041FC82 /* Project object */ = {
			isa = PBXProject;
			attributes = {
				LastUpgradeCheck = 0810;
				ORGANIZATIONNAME = "Brandon Seals";
				TargetAttributes = {
					CA17471C1DEBA8740041FC82 = {
						CreatedOnToolsVersion = 8.1;
						DevelopmentTeam = LZUUG74KXT;
						ProvisioningStyle = Automatic;
					};
				};
			};
			buildConfigurationList = CA1747181DEBA8740041FC82 /* Build configuration list for PBXProject "harvest-card" */;
			compatibilityVersion = "Xcode 3.2";
			developmentRegion = English;
			hasScannedForEncodings = 0;
			knownRegions = (
				en,
			);
			mainGroup = CA1747141DEBA8740041FC82;
			productRefGroup = CA17471E1DEBA8740041FC82 /* Products */;
			projectDirPath = "";
			projectRoot = "";
			targets = (
				CA17471C1DEBA8740041FC82 /* harvest-card */,
			);
		};
/* End PBXProject section */

/* Begin PBXSourcesBuildPhase section */
		CA1747191DEBA8740041FC82 /* Sources */ = {
			isa = PBXSourcesBuildPhase;
			buildActionMask = 2147483647;
			files = (
				CA1747391DEBA8D40041FC82 /* Farm.cpp in Sources */,
				CA1747381DEBA8D40041FC82 /* Deck.cpp in Sources */,
				CA17473C1DEBA8D40041FC82 /* Player.cpp in Sources */,
				CA17473A1DEBA8D40041FC82 /* main.cpp in Sources */,
				CA1747371DEBA8D40041FC82 /* Card.cpp in Sources */,
				CA17473B1DEBA8D40041FC82 /* Market.cpp in Sources */,
				CA17473E1DEBA8D40041FC82 /* README.md in Sources */,
				CA17473D1DEBA8D40041FC82 /* Game.cpp in Sources */,
			);
			runOnlyForDeploymentPostprocessing = 0;
		};
/* End PBXSourcesBuildPhase section */

/* Begin XCBuildConfiguration section */
		CA1747221DEBA8740041FC82 /* Debug */ = {
			isa = XCBuildConfiguration;
			buildSettings = {
				ALWAYS_SEARCH_USER_PATHS = NO;
				CLANG_ANALYZER_NONNULL = YES;
				CLANG_CXX_LANGUAGE_STANDARD = "gnu++0x";
				CLANG_CXX_LIBRARY = "libc++";
				CLANG_ENABLE_MODULES = YES;
				CLANG_ENABLE_OBJC_ARC = YES;
				CLANG_WARN_BOOL_CONVERSION = YES;
				CLANG_WARN_CONSTANT_CONVERSION = YES;
				CLANG_WARN_DIRECT_OBJC_ISA_USAGE = YES_ERROR;
				CLANG_WARN_DOCUMENTATION_COMMENTS = YES;
				CLANG_WARN_EMPTY_BODY = YES;
				CLANG_WARN_ENUM_CONVERSION = YES;
				CLANG_WARN_INFINITE_RECURSION = YES;
				CLANG_WARN_INT_CONVERSION = YES;
				CLANG_WARN_OBJC_ROOT_CLASS = YES_ERROR;
				CLANG_WARN_SUSPICIOUS_MOVES = YES;
				CLANG_WARN_UNREACHABLE_CODE = YES;
				CLANG_WARN__DUPLICATE_METHOD_MATCH = YES;
				CODE_SIGN_IDENTITY = "-";
				COPY_PHASE_STRIP = NO;
				DEBUG_INFORMATION_FORMAT = dwarf;
				ENABLE_STRICT_OBJC_MSGSEND = YES;
				ENABLE_TESTABILITY = YES;
				GCC_C_LANGUAGE_STANDARD = gnu99;
				GCC_DYNAMIC_NO_PIC = NO;
				GCC_NO_COMMON_BLOCKS = YES;
				GCC_OPTIMIZATION_LEVEL = 0;
				GCC_PREPROCESSOR_DEFINITIONS = (
					"DEBUG=1",
					"$(inherited)",
				);
				GCC_WARN_64_TO_32_BIT_CONVERSION = YES;
				GCC_WARN_ABOUT_RETURN_TYPE = YES_ERROR;
				GCC_WARN_UNDECLARED_SELECTOR = YES;
				GCC_WARN_UNINITIALIZED_AUTOS = YES_AGGRESSIVE;
				GCC_WARN_UNUSED_FUNCTION = YES;
				GCC_WARN_UNUSED_VARIABLE = YES;
				MACOSX_DEPLOYMENT_TARGET = 10.12;
				MTL_ENABLE_DEBUG_INFO = YES;
				ONLY_ACTIVE_ARCH = YES;
				SDKROOT = macosx;
			};
			name = Debug;
		};
		CA1747231DEBA8740041FC82 /* Release */ = {
			isa = XCBuildConfiguration;
			buildSettings = {
				ALWAYS_SEARCH_USER_PATHS = NO;
				CLANG_ANALYZER_NONNULL = YES;
				CLANG_CXX_LANGUAGE_STANDARD = "gnu++0x";
				CLANG_CXX_LIBRARY = "libc++";
				CLANG_ENABLE_MODULES = YES;
				CLANG_ENABLE_OBJC_ARC = YES;
				CLANG_WARN_BOOL_CONVERSION = YES;
				CLANG_WARN_CONSTANT_CONVERSION = YES;
				CLANG_WARN_DIRECT_OBJC_ISA_USAGE = YES_ERROR;
				CLANG_WARN_DOCUMENTATION_COMMENTS = YES;
				CLANG_WARN_EMPTY_BODY = YES;
				CLANG_WARN_ENUM_CONVERSION = YES;
				CLANG_WARN_INFINITE_RECURSION = YES;
				CLANG_WARN_INT_CONVERSION = YES;
				CLANG_WARN_OBJC_ROOT_CLASS = YES_ERROR;
				CLANG_WARN_SUSPICIOUS_MOVES = YES;
				CLANG_WARN_UNREACHABLE_CODE = YES;
				CLANG_WARN__DUPLICATE_METHOD_MATCH = YES;
				CODE_SIGN_IDENTITY = "-";
				COPY_PHASE_STRIP = NO;
				DEBUG_INFORMATION_FORMAT = "dwarf-with-dsym";
				ENABLE_NS_ASSERTIONS = NO;
				ENABLE_STRICT_OBJC_MSGSEND = YES;
				GCC_C_LANGUAGE_STANDARD = gnu99;
				GCC_NO_COMMON_BLOCKS = YES;
				GCC_WARN_64_TO_32_BIT_CONVERSION = YES;
				GCC_WARN_ABOUT_RETURN_TYPE = YES_ERROR;
				GCC_WARN_UNDECLARED_SELECTOR = YES;
				GCC_WARN_UNINITIALIZED_AUTOS = YES_AGGRESSIVE;
				GCC_WARN_UNUSED_FUNCTION = YES;
				GCC_WARN_UNUSED_VARIABLE = YES;
				MACOSX_DEPLOYMENT_TARGET = 10.12;
				MTL_ENABLE_DEBUG_INFO = NO;
				SDKROOT = macosx;
			};
			name = Release;
		};
		CA1747251DEBA8740041FC82 /* Debug */ = {
			isa = XCBuildConfiguration;
			buildSettings = {
				DEVELOPMENT_TEAM = LZUUG74KXT;
				PRODUCT_NAME = "$(TARGET_NAME)";
			};
			name = Debug;
		};
		CA1747261DEBA8740041FC82 /* Release */ = {
			isa = XCBuildConfiguration;
			buildSettings = {
				DEVELOPMENT_TEAM = LZUUG74KXT;
				PRODUCT_NAME = "$(TARGET_NAME)";
			};
			name = Release;
		};
/* End XCBuildConfiguration section */

/* Begin XCConfigurationList section */
		CA1747181DEBA8740041FC82 /* Build configuration list for PBXProject "harvest-card" */ = {
			isa = XCConfigurationList;
			buildConfigurations = (
				CA1747221DEBA8740041FC82 /* Debug */,
				CA1747231DEBA8740041FC82 /* Release */,
			);
			defaultConfigurationIsVisible = 0;
			defaultConfigurationName = Release;
		};
		CA1747241DEBA8740041FC82 /* Build configuration list for PBXNativeTarget "harvest-card" */ = {
			isa = XCConfigurationList;
			buildConfigurations = (
				CA1747251DEBA8740041FC82 /* Debug */,
				CA1747261DEBA8740041FC82 /* Release */,
			);
			defaultConfigurationIsVisible = 0;
		};
/* End XCConfigurationList section */
	};
	rootObject = CA1747151DEBA8740041FC82 /* Project object */;
}
